<?xml version="1.0" encoding="utf-8"?>
<Project ToolsVersion="4.0" xmlns="http://schemas.microsoft.com/developer/msbuild/2003">
  <ItemGroup>
    <Filter Include="Source Files">
      <UniqueIdentifier>{4FC737F1-C7A5-4376-A066-2A32D752A2FF}</UniqueIdentifier>
      <Extensions>cpp;c;cc;cxx;def;odl;idl;hpj;bat;asm;asmx</Extensions>
    </Filter>
    <Filter Include="Header Files">
      <UniqueIdentifier>{93995380-89BD-4b04-88EB-625FBE52EBFB}</UniqueIdentifier>
      <Extensions>h;hh;hpp;hxx;hm;inl;inc;ipp;xsd</Extensions>
    </Filter>
    <Filter Include="Resource Files">
      <UniqueIdentifier>{67DA6AB6-F800-4c08-8B7A-83BB121AAD01}</UniqueIdentifier>
      <Extensions>rc;ico;cur;bmp;dlg;rc2;rct;bin;rgs;gif;jpg;jpeg;jpe;resx;tiff;tif;png;wav;mfcribbon-ms</Extensions>
    </Filter>
    <Filter Include="Header Files\Wrappers">
      <UniqueIdentifier>{085761d3-919b-490d-bc44-920ee5ba80c9}</UniqueIdentifier>
    </Filter>
    <Filter Include="Source Files\Wrappers">
      <UniqueIdentifier>{889ba33e-7266-48bd-9f9f-ef9d4e8ce5da}</UniqueIdentifier>
    </Filter>
  </ItemGroup>
  <ItemGroup>
    <ClCompile Include="InstantTraining.cpp">
      <Filter>Source Files</Filter>
    </ClCompile>
    <ClCompile Include="GameEndedEventHook.cpp">
      <Filter>Source Files</Filter>
    </ClCompile>
    <ClCompile Include="Wrappers\EventWrapperImpl.cpp">
      <Filter>Source Files\Wrappers</Filter>
    </ClCompile>
  </ItemGroup>
  <ItemGroup>
    <ClInclude Include="InstantTraining.h">
      <Filter>Header Files</Filter>
    </ClInclude>
    <ClInclude Include="EventHook.h">
      <Filter>Header Files</Filter>
    </ClInclude>
    <ClInclude Include="Wrappers\EventWrapper.h">
      <Filter>Header Files\Wrappers</Filter>
    </ClInclude>
    <ClInclude Include="GameEndedEventHook.h">
      <Filter>Header Files</Filter>
    </ClInclude>
    <ClInclude Include="Wrappers\EventWrapperImpl.h">
      <Filter>Header Files\Wrappers</Filter>
    </ClInclude>
  </ItemGroup>
</Project>